
Microsoft Visual Studio Solution File, Format Version 12.00
# Visual Studio Version 16
VisualStudioVersion = 16.6.30114.105
MinimumVisualStudioVersion = 10.0.40219.1
Project("{2150E333-8FDC-42A3-9474-1A3956D46DE8}") = "src", "src", "{BE1E57A8-58BB-4372-8117-0495C049AF19}"
EndProject
Project("{F2A71F9B-5D33-465A-A702-920D77279786}") = "fasm", "src\fasm\fasm.fsproj", "{BB23E9C3-8766-4F75-B4C8-2A3F033613E6}"
EndProject
Global
	GlobalSection(SolutionConfigurationPlatforms) = preSolution
		Debug|Any CPU = Debug|Any CPU
		Debug|x64 = Debug|x64
		Debug|x86 = Debug|x86
		Release|Any CPU = Release|Any CPU
		Release|x64 = Release|x64
		Release|x86 = Release|x86
	EndGlobalSection
	GlobalSection(SolutionProperties) = preSolution
		HideSolutionNode = FALSE
	EndGlobalSection
	GlobalSection(ProjectConfigurationPlatforms) = postSolution
		{BB23E9C3-8766-4F75-B4C8-2A3F033613E6}.Debug|Any CPU.ActiveCfg = Debug|Any CPU
		{BB23E9C3-8766-4F75-B4C8-2A3F033613E6}.Debug|Any CPU.Build.0 = Debug|Any CPU
		{BB23E9C3-8766-4F75-B4C8-2A3F033613E6}.Debug|x64.ActiveCfg = Debug|Any CPU
		{BB23E9C3-8766-4F75-B4C8-2A3F033613E6}.Debug|x64.Build.0 = Debug|Any CPU
		{BB23E9C3-8766-4F75-B4C8-2A3F033613E6}.Debug|x86.ActiveCfg = Debug|Any CPU
		{BB23E9C3-8766-4F75-B4C8-2A3F033613E6}.Debug|x86.Build.0 = Debug|Any CPU
		{BB23E9C3-8766-4F75-B4C8-2A3F033613E6}.Release|Any CPU.ActiveCfg = Release|Any CPU
		{BB23E9C3-8766-4F75-B4C8-2A3F033613E6}.Release|Any CPU.Build.0 = Release|Any CPU
		{BB23E9C3-8766-4F75-B4C8-2A3F033613E6}.Release|x64.ActiveCfg = Release|Any CPU
		{BB23E9C3-8766-4F75-B4C8-2A3F033613E6}.Release|x64.Build.0 = Release|Any CPU
		{BB23E9C3-8766-4F75-B4C8-2A3F033613E6}.Release|x86.ActiveCfg = Release|Any CPU
		{BB23E9C3-8766-4F75-B4C8-2A3F033613E6}.Release|x86.Build.0 = Release|Any CPU
	EndGlobalSection
	GlobalSection(NestedProjects) = preSolution
		{BB23E9C3-8766-4F75-B4C8-2A3F033613E6} = {BE1E57A8-58BB-4372-8117-0495C049AF19}
	EndGlobalSection
EndGlobal
