
Microsoft Visual Studio Solution File, Format Version 12.00
# Visual Studio Version 16
VisualStudioVersion = 16.6.30114.105
MinimumVisualStudioVersion = 10.0.40219.1
Project("{2150E333-8FDC-42A3-9474-1A3956D46DE8}") = "src", "src", "{BE1E57A8-58BB-4372-8117-0495C049AF19}"
EndProject
Project("{6EC3EE1D-3C4E-46DD-8F32-0CC8E7565705}") = "fasmi", "src\fasmi\fasmi.fsproj", "{BB23E9C3-8766-4F75-B4C8-2A3F033613E6}"
EndProject
Project("{2150E333-8FDC-42A3-9474-1A3956D46DE8}") = "tests", "tests", "{478F44FE-81BE-41A8-B0D7-1FD9C7D785CD}"
EndProject
Project("{6EC3EE1D-3C4E-46DD-8F32-0CC8E7565705}") = "fasmi.tests", "tests\fasmi.tests\fasmi.tests.fsproj", "{25B5CA7F-0025-41E1-BC58-CB8FA7888721}"
EndProject
Project("{6EC3EE1D-3C4E-46DD-8F32-0CC8E7565705}") = "fasmi.tests.source", "tests\fasmi.tests.source\fasmi.tests.source.fsproj", "{74A37C7F-AEDC-48DC-939B-4392BE7FA623}"
EndProject
Project("{2150E333-8FDC-42A3-9474-1A3956D46DE8}") = ".build", ".build", "{FB7EF8B5-BDF3-4169-8634-C6E704AE513D}"
	ProjectSection(SolutionItems) = preProject
		paket.dependencies = paket.dependencies
		README.md = README.md
		RELEASE_NOTES.md = RELEASE_NOTES.md
	EndProjectSection
EndProject
Global
	GlobalSection(SolutionConfigurationPlatforms) = preSolution
		Debug|Any CPU = Debug|Any CPU
		Debug|x64 = Debug|x64
		Debug|x86 = Debug|x86
		Release|Any CPU = Release|Any CPU
		Release|x64 = Release|x64
		Release|x86 = Release|x86
	EndGlobalSection
	GlobalSection(ProjectConfigurationPlatforms) = postSolution
		{BB23E9C3-8766-4F75-B4C8-2A3F033613E6}.Debug|Any CPU.ActiveCfg = Debug|Any CPU
		{BB23E9C3-8766-4F75-B4C8-2A3F033613E6}.Debug|Any CPU.Build.0 = Debug|Any CPU
		{BB23E9C3-8766-4F75-B4C8-2A3F033613E6}.Debug|x64.ActiveCfg = Debug|Any CPU
		{BB23E9C3-8766-4F75-B4C8-2A3F033613E6}.Debug|x64.Build.0 = Debug|Any CPU
		{BB23E9C3-8766-4F75-B4C8-2A3F033613E6}.Debug|x86.ActiveCfg = Debug|Any CPU
		{BB23E9C3-8766-4F75-B4C8-2A3F033613E6}.Debug|x86.Build.0 = Debug|Any CPU
		{BB23E9C3-8766-4F75-B4C8-2A3F033613E6}.Release|Any CPU.ActiveCfg = Release|Any CPU
		{BB23E9C3-8766-4F75-B4C8-2A3F033613E6}.Release|Any CPU.Build.0 = Release|Any CPU
		{BB23E9C3-8766-4F75-B4C8-2A3F033613E6}.Release|x64.ActiveCfg = Release|Any CPU
		{BB23E9C3-8766-4F75-B4C8-2A3F033613E6}.Release|x64.Build.0 = Release|Any CPU
		{BB23E9C3-8766-4F75-B4C8-2A3F033613E6}.Release|x86.ActiveCfg = Release|Any CPU
		{BB23E9C3-8766-4F75-B4C8-2A3F033613E6}.Release|x86.Build.0 = Release|Any CPU
		{25B5CA7F-0025-41E1-BC58-CB8FA7888721}.Debug|Any CPU.ActiveCfg = Debug|Any CPU
		{25B5CA7F-0025-41E1-BC58-CB8FA7888721}.Debug|Any CPU.Build.0 = Debug|Any CPU
		{25B5CA7F-0025-41E1-BC58-CB8FA7888721}.Debug|x64.ActiveCfg = Debug|Any CPU
		{25B5CA7F-0025-41E1-BC58-CB8FA7888721}.Debug|x64.Build.0 = Debug|Any CPU
		{25B5CA7F-0025-41E1-BC58-CB8FA7888721}.Debug|x86.ActiveCfg = Debug|Any CPU
		{25B5CA7F-0025-41E1-BC58-CB8FA7888721}.Debug|x86.Build.0 = Debug|Any CPU
		{25B5CA7F-0025-41E1-BC58-CB8FA7888721}.Release|Any CPU.ActiveCfg = Release|Any CPU
		{25B5CA7F-0025-41E1-BC58-CB8FA7888721}.Release|Any CPU.Build.0 = Release|Any CPU
		{25B5CA7F-0025-41E1-BC58-CB8FA7888721}.Release|x64.ActiveCfg = Release|Any CPU
		{25B5CA7F-0025-41E1-BC58-CB8FA7888721}.Release|x64.Build.0 = Release|Any CPU
		{25B5CA7F-0025-41E1-BC58-CB8FA7888721}.Release|x86.ActiveCfg = Release|Any CPU
		{25B5CA7F-0025-41E1-BC58-CB8FA7888721}.Release|x86.Build.0 = Release|Any CPU
		{74A37C7F-AEDC-48DC-939B-4392BE7FA623}.Debug|Any CPU.ActiveCfg = Release|Any CPU
		{74A37C7F-AEDC-48DC-939B-4392BE7FA623}.Debug|Any CPU.Build.0 = Release|Any CPU
		{74A37C7F-AEDC-48DC-939B-4392BE7FA623}.Debug|x64.ActiveCfg = Debug|Any CPU
		{74A37C7F-AEDC-48DC-939B-4392BE7FA623}.Debug|x64.Build.0 = Debug|Any CPU
		{74A37C7F-AEDC-48DC-939B-4392BE7FA623}.Debug|x86.ActiveCfg = Debug|Any CPU
		{74A37C7F-AEDC-48DC-939B-4392BE7FA623}.Debug|x86.Build.0 = Debug|Any CPU
		{74A37C7F-AEDC-48DC-939B-4392BE7FA623}.Release|Any CPU.ActiveCfg = Release|Any CPU
		{74A37C7F-AEDC-48DC-939B-4392BE7FA623}.Release|Any CPU.Build.0 = Release|Any CPU
		{74A37C7F-AEDC-48DC-939B-4392BE7FA623}.Release|x64.ActiveCfg = Release|Any CPU
		{74A37C7F-AEDC-48DC-939B-4392BE7FA623}.Release|x64.Build.0 = Release|Any CPU
		{74A37C7F-AEDC-48DC-939B-4392BE7FA623}.Release|x86.ActiveCfg = Release|Any CPU
		{74A37C7F-AEDC-48DC-939B-4392BE7FA623}.Release|x86.Build.0 = Release|Any CPU
	EndGlobalSection
	GlobalSection(SolutionProperties) = preSolution
		HideSolutionNode = FALSE
	EndGlobalSection
	GlobalSection(NestedProjects) = preSolution
		{BB23E9C3-8766-4F75-B4C8-2A3F033613E6} = {BE1E57A8-58BB-4372-8117-0495C049AF19}
		{25B5CA7F-0025-41E1-BC58-CB8FA7888721} = {478F44FE-81BE-41A8-B0D7-1FD9C7D785CD}
		{74A37C7F-AEDC-48DC-939B-4392BE7FA623} = {478F44FE-81BE-41A8-B0D7-1FD9C7D785CD}
	EndGlobalSection
	GlobalSection(ExtensibilityGlobals) = postSolution
		SolutionGuid = {9B8DB4E5-1FA9-4845-80D4-26A452C0A23D}
	EndGlobalSection
EndGlobal
